// !$*UTF8*$!
{
	archiveVersion = 1;
	classes = {
	};
	objectVersion = 56;
	objects = {

/* Begin PBXBuildFile section */
		323DBB152A576EFE0081FE8E /* Model.swift in Sources */ = {isa = PBXBuildFile; fileRef = 323DBB142A576EFE0081FE8E /* Model.swift */; };
		323DBB172A58D76D0081FE8E /* TrailSystemDetail.swift in Sources */ = {isa = PBXBuildFile; fileRef = 323DBB162A58D76D0081FE8E /* TrailSystemDetail.swift */; };
		323DBB1D2A5F103E0081FE8E /* LoadingScreen.swift in Sources */ = {isa = PBXBuildFile; fileRef = 323DBB1C2A5F103E0081FE8E /* LoadingScreen.swift */; };
		3253F7962A56CB8700A2541C /* NWATrailsApp.swift in Sources */ = {isa = PBXBuildFile; fileRef = 3253F7952A56CB8700A2541C /* NWATrailsApp.swift */; };
		3253F7982A56CB8700A2541C /* TrailSystemRow.swift in Sources */ = {isa = PBXBuildFile; fileRef = 3253F7972A56CB8700A2541C /* TrailSystemRow.swift */; };
		3253F79A2A56CB8800A2541C /* Assets.xcassets in Resources */ = {isa = PBXBuildFile; fileRef = 3253F7992A56CB8800A2541C /* Assets.xcassets */; };
		3253F7AD2A57381100A2541C /* TrailSystemListView.swift in Sources */ = {isa = PBXBuildFile; fileRef = 3253F7AC2A57381100A2541C /* TrailSystemListView.swift */; };
		3253F7AF2A573D9A00A2541C /* DataModel.swift in Sources */ = {isa = PBXBuildFile; fileRef = 3253F7AE2A573D9A00A2541C /* DataModel.swift */; };
		32A378A82B7A7F5D00B476C9 /* mock-data.json in Resources */ = {isa = PBXBuildFile; fileRef = 32A378A72B7A7F5D00B476C9 /* mock-data.json */; };
		32A378AE2B7A846900B476C9 /* Private.plist in Resources */ = {isa = PBXBuildFile; fileRef = 32A378AD2B7A846900B476C9 /* Private.plist */; };
/* End PBXBuildFile section */

/* Begin PBXFileReference section */
		323DBB142A576EFE0081FE8E /* Model.swift */ = {isa = PBXFileReference; lastKnownFileType = sourcecode.swift; path = Model.swift; sourceTree = "<group>"; };
		323DBB162A58D76D0081FE8E /* TrailSystemDetail.swift */ = {isa = PBXFileReference; lastKnownFileType = sourcecode.swift; path = TrailSystemDetail.swift; sourceTree = "<group>"; };
		323DBB1C2A5F103E0081FE8E /* LoadingScreen.swift */ = {isa = PBXFileReference; lastKnownFileType = sourcecode.swift; path = LoadingScreen.swift; sourceTree = "<group>"; };
		3253F7922A56CB8700A2541C /* NWA Trails.app */ = {isa = PBXFileReference; explicitFileType = wrapper.application; includeInIndex = 0; path = "NWA Trails.app"; sourceTree = BUILT_PRODUCTS_DIR; };
		3253F7952A56CB8700A2541C /* NWATrailsApp.swift */ = {isa = PBXFileReference; lastKnownFileType = sourcecode.swift; path = NWATrailsApp.swift; sourceTree = "<group>"; };
		3253F7972A56CB8700A2541C /* TrailSystemRow.swift */ = {isa = PBXFileReference; lastKnownFileType = sourcecode.swift; path = TrailSystemRow.swift; sourceTree = "<group>"; };
		3253F7992A56CB8800A2541C /* Assets.xcassets */ = {isa = PBXFileReference; lastKnownFileType = folder.assetcatalog; path = Assets.xcassets; sourceTree = "<group>"; };
		3253F7AC2A57381100A2541C /* TrailSystemListView.swift */ = {isa = PBXFileReference; lastKnownFileType = sourcecode.swift; path = TrailSystemListView.swift; sourceTree = "<group>"; };
		3253F7AE2A573D9A00A2541C /* DataModel.swift */ = {isa = PBXFileReference; lastKnownFileType = sourcecode.swift; path = DataModel.swift; sourceTree = "<group>"; };
		32A378A72B7A7F5D00B476C9 /* mock-data.json */ = {isa = PBXFileReference; fileEncoding = 4; lastKnownFileType = text.json; path = "mock-data.json"; sourceTree = "<group>"; };
		32A378AD2B7A846900B476C9 /* Private.plist */ = {isa = PBXFileReference; lastKnownFileType = text.plist.xml; path = Private.plist; sourceTree = "<group>"; };
/* End PBXFileReference section */

/* Begin PBXFrameworksBuildPhase section */
		3253F78F2A56CB8700A2541C /* Frameworks */ = {
			isa = PBXFrameworksBuildPhase;
			buildActionMask = 2147483647;
			files = (
			);
			runOnlyForDeploymentPostprocessing = 0;
		};
/* End PBXFrameworksBuildPhase section */

/* Begin PBXGroup section */
		3253F7892A56CB8700A2541C = {
			isa = PBXGroup;
			children = (
				32A378AD2B7A846900B476C9 /* Private.plist */,
				3253F7942A56CB8700A2541C /* NWA Trails */,
				3253F7932A56CB8700A2541C /* Products */,
			);
			sourceTree = "<group>";
		};
		3253F7932A56CB8700A2541C /* Products */ = {
			isa = PBXGroup;
			children = (
				3253F7922A56CB8700A2541C /* NWA Trails.app */,
			);
			name = Products;
			sourceTree = "<group>";
		};
		3253F7942A56CB8700A2541C /* NWA Trails */ = {
			isa = PBXGroup;
			children = (
				3253F7952A56CB8700A2541C /* NWATrailsApp.swift */,
				3253F7AC2A57381100A2541C /* TrailSystemListView.swift */,
				3253F7972A56CB8700A2541C /* TrailSystemRow.swift */,
				323DBB162A58D76D0081FE8E /* TrailSystemDetail.swift */,
				3253F7AE2A573D9A00A2541C /* DataModel.swift */,
				323DBB142A576EFE0081FE8E /* Model.swift */,
				32A378A72B7A7F5D00B476C9 /* mock-data.json */,
				3253F7992A56CB8800A2541C /* Assets.xcassets */,
				323DBB1C2A5F103E0081FE8E /* LoadingScreen.swift */,
			);
			path = "NWA Trails";
			sourceTree = "<group>";
		};
/* End PBXGroup section */

/* Begin PBXNativeTarget section */
		3253F7912A56CB8700A2541C /* NWA Trails */ = {
			isa = PBXNativeTarget;
			buildConfigurationList = 3253F7A12A56CB8800A2541C /* Build configuration list for PBXNativeTarget "NWA Trails" */;
			buildPhases = (
				3253F78E2A56CB8700A2541C /* Sources */,
				3253F78F2A56CB8700A2541C /* Frameworks */,
				3253F7902A56CB8700A2541C /* Resources */,
			);
			buildRules = (
			);
			dependencies = (
			);
			name = "NWA Trails";
			productName = FlowFeed;
			productReference = 3253F7922A56CB8700A2541C /* NWA Trails.app */;
			productType = "com.apple.product-type.application";
		};
/* End PBXNativeTarget section */

/* Begin PBXProject section */
		3253F78A2A56CB8700A2541C /* Project object */ = {
			isa = PBXProject;
			attributes = {
				BuildIndependentTargetsInParallel = 1;
				LastSwiftUpdateCheck = 1500;
				LastUpgradeCheck = 1520;
				TargetAttributes = {
					3253F7912A56CB8700A2541C = {
						CreatedOnToolsVersion = 15.0;
					};
				};
			};
			buildConfigurationList = 3253F78D2A56CB8700A2541C /* Build configuration list for PBXProject "NWA Trails" */;
			compatibilityVersion = "Xcode 14.0";
			developmentRegion = en;
			hasScannedForEncodings = 0;
			knownRegions = (
				en,
				Base,
			);
			mainGroup = 3253F7892A56CB8700A2541C;
			productRefGroup = 3253F7932A56CB8700A2541C /* Products */;
			projectDirPath = "";
			projectRoot = "";
			targets = (
				3253F7912A56CB8700A2541C /* NWA Trails */,
			);
		};
/* End PBXProject section */

/* Begin PBXResourcesBuildPhase section */
		3253F7902A56CB8700A2541C /* Resources */ = {
			isa = PBXResourcesBuildPhase;
			buildActionMask = 2147483647;
			files = (
				3253F79A2A56CB8800A2541C /* Assets.xcassets in Resources */,
				32A378AE2B7A846900B476C9 /* Private.plist in Resources */,
				32A378A82B7A7F5D00B476C9 /* mock-data.json in Resources */,
			);
			runOnlyForDeploymentPostprocessing = 0;
		};
/* End PBXResourcesBuildPhase section */

/* Begin PBXSourcesBuildPhase section */
		3253F78E2A56CB8700A2541C /* Sources */ = {
			isa = PBXSourcesBuildPhase;
			buildActionMask = 2147483647;
			files = (
				323DBB152A576EFE0081FE8E /* Model.swift in Sources */,
				323DBB1D2A5F103E0081FE8E /* LoadingScreen.swift in Sources */,
				3253F7982A56CB8700A2541C /* TrailSystemRow.swift in Sources */,
				3253F7AD2A57381100A2541C /* TrailSystemListView.swift in Sources */,
				3253F7AF2A573D9A00A2541C /* DataModel.swift in Sources */,
				3253F7962A56CB8700A2541C /* NWATrailsApp.swift in Sources */,
				323DBB172A58D76D0081FE8E /* TrailSystemDetail.swift in Sources */,
			);
			runOnlyForDeploymentPostprocessing = 0;
		};
/* End PBXSourcesBuildPhase section */

/* Begin XCBuildConfiguration section */
		3253F79F2A56CB8800A2541C /* Debug */ = {
			isa = XCBuildConfiguration;
			buildSettings = {
				ALWAYS_SEARCH_USER_PATHS = NO;
				ASSETCATALOG_COMPILER_GENERATE_SWIFT_ASSET_SYMBOL_EXTENSIONS = YES;
				CLANG_ANALYZER_NONNULL = YES;
				CLANG_ANALYZER_NUMBER_OBJECT_CONVERSION = YES_AGGRESSIVE;
				CLANG_CXX_LANGUAGE_STANDARD = "gnu++20";
				CLANG_ENABLE_MODULES = YES;
				CLANG_ENABLE_OBJC_ARC = YES;
				CLANG_ENABLE_OBJC_WEAK = YES;
				CLANG_WARN_BLOCK_CAPTURE_AUTORELEASING = YES;
				CLANG_WARN_BOOL_CONVERSION = YES;
				CLANG_WARN_COMMA = YES;
				CLANG_WARN_CONSTANT_CONVERSION = YES;
				CLANG_WARN_DEPRECATED_OBJC_IMPLEMENTATIONS = YES;
				CLANG_WARN_DIRECT_OBJC_ISA_USAGE = YES_ERROR;
				CLANG_WARN_DOCUMENTATION_COMMENTS = YES;
				CLANG_WARN_EMPTY_BODY = YES;
				CLANG_WARN_ENUM_CONVERSION = YES;
				CLANG_WARN_INFINITE_RECURSION = YES;
				CLANG_WARN_INT_CONVERSION = YES;
				CLANG_WARN_NON_LITERAL_NULL_CONVERSION = YES;
				CLANG_WARN_OBJC_IMPLICIT_RETAIN_SELF = YES;
				CLANG_WARN_OBJC_LITERAL_CONVERSION = YES;
				CLANG_WARN_OBJC_ROOT_CLASS = YES_ERROR;
				CLANG_WARN_QUOTED_INCLUDE_IN_FRAMEWORK_HEADER = YES;
				CLANG_WARN_RANGE_LOOP_ANALYSIS = YES;
				CLANG_WARN_STRICT_PROTOTYPES = YES;
				CLANG_WARN_SUSPICIOUS_MOVE = YES;
				CLANG_WARN_UNGUARDED_AVAILABILITY = YES_AGGRESSIVE;
				CLANG_WARN_UNREACHABLE_CODE = YES;
				CLANG_WARN__DUPLICATE_METHOD_MATCH = YES;
				COPY_PHASE_STRIP = NO;
				DEAD_CODE_STRIPPING = YES;
				DEBUG_INFORMATION_FORMAT = dwarf;
				ENABLE_STRICT_OBJC_MSGSEND = YES;
				ENABLE_TESTABILITY = YES;
				ENABLE_USER_SCRIPT_SANDBOXING = YES;
				GCC_C_LANGUAGE_STANDARD = gnu17;
				GCC_DYNAMIC_NO_PIC = NO;
				GCC_NO_COMMON_BLOCKS = YES;
				GCC_OPTIMIZATION_LEVEL = 0;
				GCC_PREPROCESSOR_DEFINITIONS = (
					"DEBUG=1",
					"$(inherited)",
				);
				GCC_WARN_64_TO_32_BIT_CONVERSION = YES;
				GCC_WARN_ABOUT_RETURN_TYPE = YES_ERROR;
				GCC_WARN_UNDECLARED_SELECTOR = YES;
				GCC_WARN_UNINITIALIZED_AUTOS = YES_AGGRESSIVE;
				GCC_WARN_UNUSED_FUNCTION = YES;
				GCC_WARN_UNUSED_VARIABLE = YES;
				LOCALIZATION_PREFERS_STRING_CATALOGS = YES;
				MTL_ENABLE_DEBUG_INFO = INCLUDE_SOURCE;
				MTL_FAST_MATH = YES;
				ONLY_ACTIVE_ARCH = YES;
				SWIFT_ACTIVE_COMPILATION_CONDITIONS = "DEBUG $(inherited)";
				SWIFT_OPTIMIZATION_LEVEL = "-Onone";
			};
			name = Debug;
		};
		3253F7A02A56CB8800A2541C /* Release */ = {
			isa = XCBuildConfiguration;
			buildSettings = {
				ALWAYS_SEARCH_USER_PATHS = NO;
				ASSETCATALOG_COMPILER_GENERATE_SWIFT_ASSET_SYMBOL_EXTENSIONS = YES;
				CLANG_ANALYZER_NONNULL = YES;
				CLANG_ANALYZER_NUMBER_OBJECT_CONVERSION = YES_AGGRESSIVE;
				CLANG_CXX_LANGUAGE_STANDARD = "gnu++20";
				CLANG_ENABLE_MODULES = YES;
				CLANG_ENABLE_OBJC_ARC = YES;
				CLANG_ENABLE_OBJC_WEAK = YES;
				CLANG_WARN_BLOCK_CAPTURE_AUTORELEASING = YES;
				CLANG_WARN_BOOL_CONVERSION = YES;
				CLANG_WARN_COMMA = YES;
				CLANG_WARN_CONSTANT_CONVERSION = YES;
				CLANG_WARN_DEPRECATED_OBJC_IMPLEMENTATIONS = YES;
				CLANG_WARN_DIRECT_OBJC_ISA_USAGE = YES_ERROR;
				CLANG_WARN_DOCUMENTATION_COMMENTS = YES;
				CLANG_WARN_EMPTY_BODY = YES;
				CLANG_WARN_ENUM_CONVERSION = YES;
				CLANG_WARN_INFINITE_RECURSION = YES;
				CLANG_WARN_INT_CONVERSION = YES;
				CLANG_WARN_NON_LITERAL_NULL_CONVERSION = YES;
				CLANG_WARN_OBJC_IMPLICIT_RETAIN_SELF = YES;
				CLANG_WARN_OBJC_LITERAL_CONVERSION = YES;
				CLANG_WARN_OBJC_ROOT_CLASS = YES_ERROR;
				CLANG_WARN_QUOTED_INCLUDE_IN_FRAMEWORK_HEADER = YES;
				CLANG_WARN_RANGE_LOOP_ANALYSIS = YES;
				CLANG_WARN_STRICT_PROTOTYPES = YES;
				CLANG_WARN_SUSPICIOUS_MOVE = YES;
				CLANG_WARN_UNGUARDED_AVAILABILITY = YES_AGGRESSIVE;
				CLANG_WARN_UNREACHABLE_CODE = YES;
				CLANG_WARN__DUPLICATE_METHOD_MATCH = YES;
				COPY_PHASE_STRIP = NO;
				DEAD_CODE_STRIPPING = YES;
				DEBUG_INFORMATION_FORMAT = "dwarf-with-dsym";
				ENABLE_NS_ASSERTIONS = NO;
				ENABLE_STRICT_OBJC_MSGSEND = YES;
				ENABLE_USER_SCRIPT_SANDBOXING = YES;
				GCC_C_LANGUAGE_STANDARD = gnu17;
				GCC_NO_COMMON_BLOCKS = YES;
				GCC_WARN_64_TO_32_BIT_CONVERSION = YES;
				GCC_WARN_ABOUT_RETURN_TYPE = YES_ERROR;
				GCC_WARN_UNDECLARED_SELECTOR = YES;
				GCC_WARN_UNINITIALIZED_AUTOS = YES_AGGRESSIVE;
				GCC_WARN_UNUSED_FUNCTION = YES;
				GCC_WARN_UNUSED_VARIABLE = YES;
				LOCALIZATION_PREFERS_STRING_CATALOGS = YES;
				MTL_ENABLE_DEBUG_INFO = NO;
				MTL_FAST_MATH = YES;
				SWIFT_COMPILATION_MODE = wholemodule;
			};
			name = Release;
		};
		3253F7A22A56CB8800A2541C /* Debug */ = {
			isa = XCBuildConfiguration;
			buildSettings = {
				ASSETCATALOG_COMPILER_APPICON_NAME = AppIcon;
				ASSETCATALOG_COMPILER_GLOBAL_ACCENT_COLOR_NAME = AccentColor;
				CODE_SIGN_ENTITLEMENTS = "NWA Trails/NWATrails.entitlements";
				"CODE_SIGN_IDENTITY[sdk=macosx*]" = "-";
				CODE_SIGN_STYLE = Automatic;
				CURRENT_PROJECT_VERSION = 1;
				DEAD_CODE_STRIPPING = YES;
				DEVELOPMENT_ASSET_PATHS = "";
				DEVELOPMENT_TEAM = K48JTQ4C89;
				ENABLE_PREVIEWS = YES;
				GENERATE_INFOPLIST_FILE = YES;
				INFOPLIST_KEY_CFBundleDisplayName = "NWA Trails";
				"INFOPLIST_KEY_UIApplicationSceneManifest_Generation[sdk=iphoneos*]" = YES;
				"INFOPLIST_KEY_UIApplicationSceneManifest_Generation[sdk=iphonesimulator*]" = YES;
				"INFOPLIST_KEY_UIApplicationSupportsIndirectInputEvents[sdk=iphoneos*]" = YES;
				"INFOPLIST_KEY_UIApplicationSupportsIndirectInputEvents[sdk=iphonesimulator*]" = YES;
				"INFOPLIST_KEY_UILaunchScreen_Generation[sdk=iphoneos*]" = YES;
				"INFOPLIST_KEY_UILaunchScreen_Generation[sdk=iphonesimulator*]" = YES;
				"INFOPLIST_KEY_UIStatusBarStyle[sdk=iphoneos*]" = UIStatusBarStyleDefault;
				"INFOPLIST_KEY_UIStatusBarStyle[sdk=iphonesimulator*]" = UIStatusBarStyleDefault;
				INFOPLIST_KEY_UISupportedInterfaceOrientations_iPad = "UIInterfaceOrientationPortrait UIInterfaceOrientationPortraitUpsideDown UIInterfaceOrientationLandscapeLeft UIInterfaceOrientationLandscapeRight";
				INFOPLIST_KEY_UISupportedInterfaceOrientations_iPhone = "UIInterfaceOrientationPortrait UIInterfaceOrientationLandscapeLeft UIInterfaceOrientationLandscapeRight";
				IPHONEOS_DEPLOYMENT_TARGET = 16.0;
				LD_RUNPATH_SEARCH_PATHS = "@executable_path/Frameworks";
				"LD_RUNPATH_SEARCH_PATHS[sdk=macosx*]" = "@executable_path/../Frameworks";
				MACOSX_DEPLOYMENT_TARGET = 13.4;
				MARKETING_VERSION = 1.0;
				PRODUCT_BUNDLE_IDENTIFIER = com.tonyjt.NWATrails;
				PRODUCT_NAME = "$(TARGET_NAME)";
				SDKROOT = auto;
				SUPPORTED_PLATFORMS = "iphoneos iphonesimulator macosx";
				SWIFT_EMIT_LOC_STRINGS = YES;
				SWIFT_VERSION = 5.0;
				TARGETED_DEVICE_FAMILY = "1,2";
			};
			name = Debug;
		};
		3253F7A32A56CB8800A2541C /* Release */ = {
			isa = XCBuildConfiguration;
			buildSettings = {
				ASSETCATALOG_COMPILER_APPICON_NAME = AppIcon;
				ASSETCATALOG_COMPILER_GLOBAL_ACCENT_COLOR_NAME = AccentColor;
				CODE_SIGN_ENTITLEMENTS = "NWA Trails/NWATrails.entitlements";
				"CODE_SIGN_IDENTITY[sdk=macosx*]" = "-";
				CODE_SIGN_STYLE = Automatic;
				CURRENT_PROJECT_VERSION = 1;
				DEAD_CODE_STRIPPING = YES;
				DEVELOPMENT_ASSET_PATHS = "";
				DEVELOPMENT_TEAM = K48JTQ4C89;
				ENABLE_PREVIEWS = YES;
				GENERATE_INFOPLIST_FILE = YES;
				INFOPLIST_KEY_CFBundleDisplayName = "NWA Trails";
				"INFOPLIST_KEY_UIApplicationSceneManifest_Generation[sdk=iphoneos*]" = YES;
				"INFOPLIST_KEY_UIApplicationSceneManifest_Generation[sdk=iphonesimulator*]" = YES;
				"INFOPLIST_KEY_UIApplicationSupportsIndirectInputEvents[sdk=iphoneos*]" = YES;
				"INFOPLIST_KEY_UIApplicationSupportsIndirectInputEvents[sdk=iphonesimulator*]" = YES;
				"INFOPLIST_KEY_UILaunchScreen_Generation[sdk=iphoneos*]" = YES;
				"INFOPLIST_KEY_UILaunchScreen_Generation[sdk=iphonesimulator*]" = YES;
				"INFOPLIST_KEY_UIStatusBarStyle[sdk=iphoneos*]" = UIStatusBarStyleDefault;
				"INFOPLIST_KEY_UIStatusBarStyle[sdk=iphonesimulator*]" = UIStatusBarStyleDefault;
				INFOPLIST_KEY_UISupportedInterfaceOrientations_iPad = "UIInterfaceOrientationPortrait UIInterfaceOrientationPortraitUpsideDown UIInterfaceOrientationLandscapeLeft UIInterfaceOrientationLandscapeRight";
				INFOPLIST_KEY_UISupportedInterfaceOrientations_iPhone = "UIInterfaceOrientationPortrait UIInterfaceOrientationLandscapeLeft UIInterfaceOrientationLandscapeRight";
				IPHONEOS_DEPLOYMENT_TARGET = 16.0;
				LD_RUNPATH_SEARCH_PATHS = "@executable_path/Frameworks";
				"LD_RUNPATH_SEARCH_PATHS[sdk=macosx*]" = "@executable_path/../Frameworks";
				MACOSX_DEPLOYMENT_TARGET = 13.4;
				MARKETING_VERSION = 1.0;
				PRODUCT_BUNDLE_IDENTIFIER = com.tonyjt.NWATrails;
				PRODUCT_NAME = "$(TARGET_NAME)";
				SDKROOT = auto;
				SUPPORTED_PLATFORMS = "iphoneos iphonesimulator macosx";
				SWIFT_EMIT_LOC_STRINGS = YES;
				SWIFT_VERSION = 5.0;
				TARGETED_DEVICE_FAMILY = "1,2";
			};
			name = Release;
		};
/* End XCBuildConfiguration section */

/* Begin XCConfigurationList section */
		3253F78D2A56CB8700A2541C /* Build configuration list for PBXProject "NWA Trails" */ = {
			isa = XCConfigurationList;
			buildConfigurations = (
				3253F79F2A56CB8800A2541C /* Debug */,
				3253F7A02A56CB8800A2541C /* Release */,
			);
			defaultConfigurationIsVisible = 0;
			defaultConfigurationName = Release;
		};
		3253F7A12A56CB8800A2541C /* Build configuration list for PBXNativeTarget "NWA Trails" */ = {
			isa = XCConfigurationList;
			buildConfigurations = (
				3253F7A22A56CB8800A2541C /* Debug */,
				3253F7A32A56CB8800A2541C /* Release */,
			);
			defaultConfigurationIsVisible = 0;
			defaultConfigurationName = Release;
		};
/* End XCConfigurationList section */
	};
	rootObject = 3253F78A2A56CB8700A2541C /* Project object */;
}
